{
  "name": "dc-ai-cooling-demo",
  "version": "1.0.0",
  "lockfileVersion": 3,
  "requires": true,
  "packages": {
    "": {
      "name": "dc-ai-cooling-demo",
      "version": "1.0.0",
      "dependencies": {
        "three": "^0.160.0"
      },
      "devDependencies": {
        "vite": "^5.4.11"
      }
    },
    "node_modules/three": {
      "version": "0.160.0"
    },
    "node_modules/vite": {
      "version": "5.4.11",
      "dev": true
    }
  },
  "dependencies": {
    "three": {
      "version": "0.160.0"
    },
    "vite": {
      "version": "5.4.11",
      "dev": true
    }
  }
}
